
Microsoft Visual Studio Solution File, Format Version 12.00
Project("{2150E333-8FDC-42A3-9474-1A3956D46DE8}") = "src", "src", "{F97B708A-C287-430D-B5AB-2E6A33C3A554}"
EndProject
Project("{2150E333-8FDC-42A3-9474-1A3956D46DE8}") = "test", "test", "{5BF631FC-457B-48B6-97CD-9AE7F47D3C60}"
EndProject
Project("{2150E333-8FDC-42A3-9474-1A3956D46DE8}") = "Core", "Core", "{E00ADE5D-6BF5-44A3-BA24-E4C2B6930913}"
EndProject
Project("{2150E333-8FDC-42A3-9474-1A3956D46DE8}") = "Infrastructure", "Infrastructure", "{DE8C6B13-71A2-486C-B62C-3C859731641E}"
EndProject
Project("{2150E333-8FDC-42A3-9474-1A3956D46DE8}") = "Presentation", "Presentation", "{2341BA2A-CCAD-4563-8273-70AA79BFFB35}"
EndProject
Project("{FAE04EC0-301F-11D3-BF4B-00C04F79EFBC}") = "TemoDemo.Domain", "TemoDemo.Domain\TemoDemo.Domain.csproj", "{1DB7FB2D-3AE9-4285-A078-7163FFFC64B3}"
EndProject
Project("{FAE04EC0-301F-11D3-BF4B-00C04F79EFBC}") = "TemoDemo.Application", "TemoDemo.Application\TemoDemo.Application.csproj", "{3E588C39-8D20-41C6-B816-25C352E1C6CB}"
EndProject
Project("{FAE04EC0-301F-11D3-BF4B-00C04F79EFBC}") = "TemoDemo.Persistence", "TemoDemo.Persistence\TemoDemo.Persistence.csproj", "{DA742E27-D98F-42F7-B51F-58688EF30465}"
EndProject
Project("{FAE04EC0-301F-11D3-BF4B-00C04F79EFBC}") = "DemoTemo.Api", "DemoTemo.Api\DemoTemo.Api.csproj", "{47623537-C819-4F81-BAB0-9A5A2662ACF7}"
EndProject
Project("{FAE04EC0-301F-11D3-BF4B-00C04F79EFBC}") = "Demo.Temo.Tests.Unit", "Demo.Temo.Tests.Unit\Demo.Temo.Tests.Unit.csproj", "{9024D360-3DBC-4DFE-AA29-3F39F14BEA72}"
EndProject
Global
	GlobalSection(SolutionConfigurationPlatforms) = preSolution
		Debug|Any CPU = Debug|Any CPU
		Release|Any CPU = Release|Any CPU
	EndGlobalSection
	GlobalSection(NestedProjects) = preSolution
		{E00ADE5D-6BF5-44A3-BA24-E4C2B6930913} = {F97B708A-C287-430D-B5AB-2E6A33C3A554}
		{DE8C6B13-71A2-486C-B62C-3C859731641E} = {F97B708A-C287-430D-B5AB-2E6A33C3A554}
		{2341BA2A-CCAD-4563-8273-70AA79BFFB35} = {F97B708A-C287-430D-B5AB-2E6A33C3A554}
		{1DB7FB2D-3AE9-4285-A078-7163FFFC64B3} = {E00ADE5D-6BF5-44A3-BA24-E4C2B6930913}
		{3E588C39-8D20-41C6-B816-25C352E1C6CB} = {E00ADE5D-6BF5-44A3-BA24-E4C2B6930913}
		{DA742E27-D98F-42F7-B51F-58688EF30465} = {DE8C6B13-71A2-486C-B62C-3C859731641E}
		{47623537-C819-4F81-BAB0-9A5A2662ACF7} = {2341BA2A-CCAD-4563-8273-70AA79BFFB35}
		{9024D360-3DBC-4DFE-AA29-3F39F14BEA72} = {5BF631FC-457B-48B6-97CD-9AE7F47D3C60}
	EndGlobalSection
	GlobalSection(ProjectConfigurationPlatforms) = postSolution
		{1DB7FB2D-3AE9-4285-A078-7163FFFC64B3}.Debug|Any CPU.ActiveCfg = Debug|Any CPU
		{1DB7FB2D-3AE9-4285-A078-7163FFFC64B3}.Debug|Any CPU.Build.0 = Debug|Any CPU
		{1DB7FB2D-3AE9-4285-A078-7163FFFC64B3}.Release|Any CPU.ActiveCfg = Release|Any CPU
		{1DB7FB2D-3AE9-4285-A078-7163FFFC64B3}.Release|Any CPU.Build.0 = Release|Any CPU
		{3E588C39-8D20-41C6-B816-25C352E1C6CB}.Debug|Any CPU.ActiveCfg = Debug|Any CPU
		{3E588C39-8D20-41C6-B816-25C352E1C6CB}.Debug|Any CPU.Build.0 = Debug|Any CPU
		{3E588C39-8D20-41C6-B816-25C352E1C6CB}.Release|Any CPU.ActiveCfg = Release|Any CPU
		{3E588C39-8D20-41C6-B816-25C352E1C6CB}.Release|Any CPU.Build.0 = Release|Any CPU
		{DA742E27-D98F-42F7-B51F-58688EF30465}.Debug|Any CPU.ActiveCfg = Debug|Any CPU
		{DA742E27-D98F-42F7-B51F-58688EF30465}.Debug|Any CPU.Build.0 = Debug|Any CPU
		{DA742E27-D98F-42F7-B51F-58688EF30465}.Release|Any CPU.ActiveCfg = Release|Any CPU
		{DA742E27-D98F-42F7-B51F-58688EF30465}.Release|Any CPU.Build.0 = Release|Any CPU
		{47623537-C819-4F81-BAB0-9A5A2662ACF7}.Debug|Any CPU.ActiveCfg = Debug|Any CPU
		{47623537-C819-4F81-BAB0-9A5A2662ACF7}.Debug|Any CPU.Build.0 = Debug|Any CPU
		{47623537-C819-4F81-BAB0-9A5A2662ACF7}.Release|Any CPU.ActiveCfg = Release|Any CPU
		{47623537-C819-4F81-BAB0-9A5A2662ACF7}.Release|Any CPU.Build.0 = Release|Any CPU
		{9024D360-3DBC-4DFE-AA29-3F39F14BEA72}.Debug|Any CPU.ActiveCfg = Debug|Any CPU
		{9024D360-3DBC-4DFE-AA29-3F39F14BEA72}.Debug|Any CPU.Build.0 = Debug|Any CPU
		{9024D360-3DBC-4DFE-AA29-3F39F14BEA72}.Release|Any CPU.ActiveCfg = Release|Any CPU
		{9024D360-3DBC-4DFE-AA29-3F39F14BEA72}.Release|Any CPU.Build.0 = Release|Any CPU
	EndGlobalSection
EndGlobal
